{
  "name": "admin",
  "lockfileVersion": 3,
  "requires": true,
  "packages": {
    "": {
      "dependencies": {
        "@fontsource/offside": "^5.2.8"
      }
    },
    "node_modules/@fontsource/offside": {
      "version": "5.2.8",
      "resolved": "https://registry.npmjs.org/@fontsource/offside/-/offside-5.2.8.tgz",
      "integrity": "sha512-l5O21/MBoNXWdUSNH4QhkiqiIGtKrQfNcP+dqqcHdbz7eJ8F+yTgTc6lStPSw9d/6SoLUnB5g1OrVupmn5/zaQ==",
      "license": "OFL-1.1",
      "funding": {
        "url": "https://github.com/sponsors/ayuhito"
      }
    }
  }
}
